
Microsoft Visual Studio Solution File, Format Version 12.00
# Visual Studio Version 17
VisualStudioVersion = 17.2.32505.173
MinimumVisualStudioVersion = 10.0.40219.1
Project("{FAE04EC0-301F-11D3-BF4B-00C04F79EFBC}") = "Blog.BlogMaster.ApiService", "Blog.BlogMaster.ApiService\Blog.BlogMaster.ApiService.csproj", "{73BDECDB-13DA-45CE-A79D-D91299268566}"
EndProject
Project("{FAE04EC0-301F-11D3-BF4B-00C04F79EFBC}") = "Blog.BlogMaster.ViewModel", "Blog.BlogMaster.ViewModel\Blog.BlogMaster.ViewModel.csproj", "{8C0F5E0B-DEE1-4CDC-A73A-1721B375346B}"
EndProject
Project("{FAE04EC0-301F-11D3-BF4B-00C04F79EFBC}") = "Blog.BlogMaster.Ui", "Blog.BlogMaster.Ui\Blog.BlogMaster.Ui.csproj", "{994CA2B4-99FF-44DE-9479-3A208E444D88}"
EndProject
Global
	GlobalSection(SolutionConfigurationPlatforms) = preSolution
		Debug|Any CPU = Debug|Any CPU
		Release|Any CPU = Release|Any CPU
	EndGlobalSection
	GlobalSection(ProjectConfigurationPlatforms) = postSolution
		{73BDECDB-13DA-45CE-A79D-D91299268566}.Debug|Any CPU.ActiveCfg = Debug|Any CPU
		{73BDECDB-13DA-45CE-A79D-D91299268566}.Debug|Any CPU.Build.0 = Debug|Any CPU
		{73BDECDB-13DA-45CE-A79D-D91299268566}.Release|Any CPU.ActiveCfg = Release|Any CPU
		{73BDECDB-13DA-45CE-A79D-D91299268566}.Release|Any CPU.Build.0 = Release|Any CPU
		{8C0F5E0B-DEE1-4CDC-A73A-1721B375346B}.Debug|Any CPU.ActiveCfg = Debug|Any CPU
		{8C0F5E0B-DEE1-4CDC-A73A-1721B375346B}.Debug|Any CPU.Build.0 = Debug|Any CPU
		{8C0F5E0B-DEE1-4CDC-A73A-1721B375346B}.Release|Any CPU.ActiveCfg = Release|Any CPU
		{8C0F5E0B-DEE1-4CDC-A73A-1721B375346B}.Release|Any CPU.Build.0 = Release|Any CPU
		{994CA2B4-99FF-44DE-9479-3A208E444D88}.Debug|Any CPU.ActiveCfg = Debug|Any CPU
		{994CA2B4-99FF-44DE-9479-3A208E444D88}.Debug|Any CPU.Build.0 = Debug|Any CPU
		{994CA2B4-99FF-44DE-9479-3A208E444D88}.Release|Any CPU.ActiveCfg = Release|Any CPU
		{994CA2B4-99FF-44DE-9479-3A208E444D88}.Release|Any CPU.Build.0 = Release|Any CPU
	EndGlobalSection
	GlobalSection(SolutionProperties) = preSolution
		HideSolutionNode = FALSE
	EndGlobalSection
	GlobalSection(ExtensibilityGlobals) = postSolution
		SolutionGuid = {B334A1F3-0D0A-4A34-ADED-1FB327F80B05}
	EndGlobalSection
EndGlobal
