
Microsoft Visual Studio Solution File, Format Version 12.00
# Visual Studio Version 17
VisualStudioVersion = 17.2.32505.173
MinimumVisualStudioVersion = 10.0.40219.1
Project("{9A19103F-16F7-4668-BE54-9A1E7A4F7556}") = "Blog.API", "Blog.API\Blog.API.csproj", "{5753F94D-E8FB-4AA1-B329-68F6C6B2DBCB}"
EndProject
Project("{FAE04EC0-301F-11D3-BF4B-00C04F79EFBC}") = "Blog.API.DataAccessLayer", "Blog.API.DataAccessLayer\Blog.API.DataAccessLayer.csproj", "{AEDDCC89-8B21-4355-BA78-B3E015005D81}"
EndProject
Project("{FAE04EC0-301F-11D3-BF4B-00C04F79EFBC}") = "Blog.API.DataTransferObject", "Blog.API.DataTransferObject\Blog.API.DataTransferObject.csproj", "{46AD1BFE-6A67-4D6E-815C-0FA1F21E2842}"
EndProject
Project("{FAE04EC0-301F-11D3-BF4B-00C04F79EFBC}") = "Blog.API.UnitTest", "Blog.API.UnitTest\Blog.API.UnitTest.csproj", "{8C854130-CA9D-4F21-ACD6-028261283A75}"
EndProject
Project("{FAE04EC0-301F-11D3-BF4B-00C04F79EFBC}") = "Blog.API.Common", "Blog.API.Common\Blog.API.Common.csproj", "{FD2CCE48-5904-41DB-9D07-633FB658ED85}"
EndProject
Project("{FAE04EC0-301F-11D3-BF4B-00C04F79EFBC}") = "Blog.API.Entity", "Blog.API.Entity\Blog.API.Entity.csproj", "{BEC55AF0-2E38-4502-BC0B-FD46E246DD11}"
EndProject
Global
	GlobalSection(SolutionConfigurationPlatforms) = preSolution
		Debug|Any CPU = Debug|Any CPU
		Release|Any CPU = Release|Any CPU
	EndGlobalSection
	GlobalSection(ProjectConfigurationPlatforms) = postSolution
		{5753F94D-E8FB-4AA1-B329-68F6C6B2DBCB}.Debug|Any CPU.ActiveCfg = Debug|Any CPU
		{5753F94D-E8FB-4AA1-B329-68F6C6B2DBCB}.Debug|Any CPU.Build.0 = Debug|Any CPU
		{5753F94D-E8FB-4AA1-B329-68F6C6B2DBCB}.Release|Any CPU.ActiveCfg = Release|Any CPU
		{5753F94D-E8FB-4AA1-B329-68F6C6B2DBCB}.Release|Any CPU.Build.0 = Release|Any CPU
		{AEDDCC89-8B21-4355-BA78-B3E015005D81}.Debug|Any CPU.ActiveCfg = Debug|Any CPU
		{AEDDCC89-8B21-4355-BA78-B3E015005D81}.Debug|Any CPU.Build.0 = Debug|Any CPU
		{AEDDCC89-8B21-4355-BA78-B3E015005D81}.Release|Any CPU.ActiveCfg = Release|Any CPU
		{AEDDCC89-8B21-4355-BA78-B3E015005D81}.Release|Any CPU.Build.0 = Release|Any CPU
		{46AD1BFE-6A67-4D6E-815C-0FA1F21E2842}.Debug|Any CPU.ActiveCfg = Debug|Any CPU
		{46AD1BFE-6A67-4D6E-815C-0FA1F21E2842}.Debug|Any CPU.Build.0 = Debug|Any CPU
		{46AD1BFE-6A67-4D6E-815C-0FA1F21E2842}.Release|Any CPU.ActiveCfg = Release|Any CPU
		{46AD1BFE-6A67-4D6E-815C-0FA1F21E2842}.Release|Any CPU.Build.0 = Release|Any CPU
		{8C854130-CA9D-4F21-ACD6-028261283A75}.Debug|Any CPU.ActiveCfg = Debug|Any CPU
		{8C854130-CA9D-4F21-ACD6-028261283A75}.Debug|Any CPU.Build.0 = Debug|Any CPU
		{8C854130-CA9D-4F21-ACD6-028261283A75}.Release|Any CPU.ActiveCfg = Release|Any CPU
		{8C854130-CA9D-4F21-ACD6-028261283A75}.Release|Any CPU.Build.0 = Release|Any CPU
		{FD2CCE48-5904-41DB-9D07-633FB658ED85}.Debug|Any CPU.ActiveCfg = Debug|Any CPU
		{FD2CCE48-5904-41DB-9D07-633FB658ED85}.Debug|Any CPU.Build.0 = Debug|Any CPU
		{FD2CCE48-5904-41DB-9D07-633FB658ED85}.Release|Any CPU.ActiveCfg = Release|Any CPU
		{FD2CCE48-5904-41DB-9D07-633FB658ED85}.Release|Any CPU.Build.0 = Release|Any CPU
		{BEC55AF0-2E38-4502-BC0B-FD46E246DD11}.Debug|Any CPU.ActiveCfg = Debug|Any CPU
		{BEC55AF0-2E38-4502-BC0B-FD46E246DD11}.Debug|Any CPU.Build.0 = Debug|Any CPU
		{BEC55AF0-2E38-4502-BC0B-FD46E246DD11}.Release|Any CPU.ActiveCfg = Release|Any CPU
		{BEC55AF0-2E38-4502-BC0B-FD46E246DD11}.Release|Any CPU.Build.0 = Release|Any CPU
	EndGlobalSection
	GlobalSection(SolutionProperties) = preSolution
		HideSolutionNode = FALSE
	EndGlobalSection
	GlobalSection(ExtensibilityGlobals) = postSolution
		SolutionGuid = {52B725D8-1BDB-4692-AACC-E97B12C9A0DF}
	EndGlobalSection
EndGlobal
