
Microsoft Visual Studio Solution File, Format Version 12.00
# Visual Studio Version 17
VisualStudioVersion = 17.2.32505.173
MinimumVisualStudioVersion = 10.0.40219.1
Project("{FAE04EC0-301F-11D3-BF4B-00C04F79EFBC}") = "Blog.API", "Blog.API\Blog.API.csproj", "{5753F94D-E8FB-4AA1-B329-68F6C6B2DBCB}"
EndProject
Global
	GlobalSection(SolutionConfigurationPlatforms) = preSolution
		Debug|Any CPU = Debug|Any CPU
		Release|Any CPU = Release|Any CPU
	EndGlobalSection
	GlobalSection(ProjectConfigurationPlatforms) = postSolution
		{5753F94D-E8FB-4AA1-B329-68F6C6B2DBCB}.Debug|Any CPU.ActiveCfg = Debug|Any CPU
		{5753F94D-E8FB-4AA1-B329-68F6C6B2DBCB}.Debug|Any CPU.Build.0 = Debug|Any CPU
		{5753F94D-E8FB-4AA1-B329-68F6C6B2DBCB}.Release|Any CPU.ActiveCfg = Release|Any CPU
		{5753F94D-E8FB-4AA1-B329-68F6C6B2DBCB}.Release|Any CPU.Build.0 = Release|Any CPU
	EndGlobalSection
	GlobalSection(SolutionProperties) = preSolution
		HideSolutionNode = FALSE
	EndGlobalSection
	GlobalSection(ExtensibilityGlobals) = postSolution
		SolutionGuid = {52B725D8-1BDB-4692-AACC-E97B12C9A0DF}
	EndGlobalSection
EndGlobal
